// !$*UTF8*$!
{
	archiveVersion = 1;
	classes = {
	};
	objectVersion = 50;
	objects = {

/* Begin PBXBuildFile section */
		BBB8403624FF44B600C0BC73 /* AppDelegate.swift in Sources */ = {isa = PBXBuildFile; fileRef = BBB8403524FF44B600C0BC73 /* AppDelegate.swift */; };
		BBB8403824FF44B600C0BC73 /* SceneDelegate.swift in Sources */ = {isa = PBXBuildFile; fileRef = BBB8403724FF44B600C0BC73 /* SceneDelegate.swift */; };
		BBB8403A24FF44B600C0BC73 /* ViewController.swift in Sources */ = {isa = PBXBuildFile; fileRef = BBB8403924FF44B600C0BC73 /* ViewController.swift */; };
		BBB8403D24FF44B600C0BC73 /* Main.storyboard in Resources */ = {isa = PBXBuildFile; fileRef = BBB8403B24FF44B600C0BC73 /* Main.storyboard */; };
		BBB8403F24FF44B700C0BC73 /* Assets.xcassets in Resources */ = {isa = PBXBuildFile; fileRef = BBB8403E24FF44B700C0BC73 /* Assets.xcassets */; };
		BBB8404224FF44B700C0BC73 /* LaunchScreen.storyboard in Resources */ = {isa = PBXBuildFile; fileRef = BBB8404024FF44B700C0BC73 /* LaunchScreen.storyboard */; };
		BBB8404A24FF454900C0BC73 /* DrawingView.swift in Sources */ = {isa = PBXBuildFile; fileRef = BBB8404924FF454900C0BC73 /* DrawingView.swift */; };
/* End PBXBuildFile section */

/* Begin PBXFileReference section */
		BBB8403224FF44B600C0BC73 /* CG.app */ = {isa = PBXFileReference; explicitFileType = wrapper.application; includeInIndex = 0; path = CG.app; sourceTree = BUILT_PRODUCTS_DIR; };
		BBB8403524FF44B600C0BC73 /* AppDelegate.swift */ = {isa = PBXFileReference; lastKnownFileType = sourcecode.swift; path = AppDelegate.swift; sourceTree = "<group>"; };
		BBB8403724FF44B600C0BC73 /* SceneDelegate.swift */ = {isa = PBXFileReference; lastKnownFileType = sourcecode.swift; path = SceneDelegate.swift; sourceTree = "<group>"; };
		BBB8403924FF44B600C0BC73 /* ViewController.swift */ = {isa = PBXFileReference; lastKnownFileType = sourcecode.swift; path = ViewController.swift; sourceTree = "<group>"; };
		BBB8403C24FF44B600C0BC73 /* Base */ = {isa = PBXFileReference; lastKnownFileType = file.storyboard; name = Base; path = Base.lproj/Main.storyboard; sourceTree = "<group>"; };
		BBB8403E24FF44B700C0BC73 /* Assets.xcassets */ = {isa = PBXFileReference; lastKnownFileType = folder.assetcatalog; path = Assets.xcassets; sourceTree = "<group>"; };
		BBB8404124FF44B700C0BC73 /* Base */ = {isa = PBXFileReference; lastKnownFileType = file.storyboard; name = Base; path = Base.lproj/LaunchScreen.storyboard; sourceTree = "<group>"; };
		BBB8404324FF44B700C0BC73 /* Info.plist */ = {isa = PBXFileReference; lastKnownFileType = text.plist.xml; path = Info.plist; sourceTree = "<group>"; };
		BBB8404924FF454900C0BC73 /* DrawingView.swift */ = {isa = PBXFileReference; lastKnownFileType = sourcecode.swift; path = DrawingView.swift; sourceTree = "<group>"; };
/* End PBXFileReference section */

/* Begin PBXFrameworksBuildPhase section */
		BBB8402F24FF44B600C0BC73 /* Frameworks */ = {
			isa = PBXFrameworksBuildPhase;
			buildActionMask = 2147483647;
			files = (
			);
			runOnlyForDeploymentPostprocessing = 0;
		};
/* End PBXFrameworksBuildPhase section */

/* Begin PBXGroup section */
		BBB8402924FF44B600C0BC73 = {
			isa = PBXGroup;
			children = (
				BBB8403424FF44B600C0BC73 /* CG */,
				BBB8403324FF44B600C0BC73 /* Products */,
			);
			sourceTree = "<group>";
		};
		BBB8403324FF44B600C0BC73 /* Products */ = {
			isa = PBXGroup;
			children = (
				BBB8403224FF44B600C0BC73 /* CG.app */,
			);
			name = Products;
			sourceTree = "<group>";
		};
		BBB8403424FF44B600C0BC73 /* CG */ = {
			isa = PBXGroup;
			children = (
				BBB8403524FF44B600C0BC73 /* AppDelegate.swift */,
				BBB8403724FF44B600C0BC73 /* SceneDelegate.swift */,
				BBB8403924FF44B600C0BC73 /* ViewController.swift */,
				BBB8403B24FF44B600C0BC73 /* Main.storyboard */,
				BBB8403E24FF44B700C0BC73 /* Assets.xcassets */,
				BBB8404024FF44B700C0BC73 /* LaunchScreen.storyboard */,
				BBB8404324FF44B700C0BC73 /* Info.plist */,
				BBB8404924FF454900C0BC73 /* DrawingView.swift */,
			);
			path = CG;
			sourceTree = "<group>";
		};
/* End PBXGroup section */

/* Begin PBXNativeTarget section */
		BBB8403124FF44B600C0BC73 /* CG */ = {
			isa = PBXNativeTarget;
			buildConfigurationList = BBB8404624FF44B700C0BC73 /* Build configuration list for PBXNativeTarget "CG" */;
			buildPhases = (
				BBB8402E24FF44B600C0BC73 /* Sources */,
				BBB8402F24FF44B600C0BC73 /* Frameworks */,
				BBB8403024FF44B600C0BC73 /* Resources */,
			);
			buildRules = (
			);
			dependencies = (
			);
			name = CG;
			productName = CG;
			productReference = BBB8403224FF44B600C0BC73 /* CG.app */;
			productType = "com.apple.product-type.application";
		};
/* End PBXNativeTarget section */

/* Begin PBXProject section */
		BBB8402A24FF44B600C0BC73 /* Project object */ = {
			isa = PBXProject;
			attributes = {
				LastSwiftUpdateCheck = 1160;
				LastUpgradeCheck = 1160;
				ORGANIZATIONNAME = "Joseph Veverka";
				TargetAttributes = {
					BBB8403124FF44B600C0BC73 = {
						CreatedOnToolsVersion = 11.6;
					};
				};
			};
			buildConfigurationList = BBB8402D24FF44B600C0BC73 /* Build configuration list for PBXProject "CG" */;
			compatibilityVersion = "Xcode 9.3";
			developmentRegion = en;
			hasScannedForEncodings = 0;
			knownRegions = (
				en,
				Base,
			);
			mainGroup = BBB8402924FF44B600C0BC73;
			productRefGroup = BBB8403324FF44B600C0BC73 /* Products */;
			projectDirPath = "";
			projectRoot = "";
			targets = (
				BBB8403124FF44B600C0BC73 /* CG */,
			);
		};
/* End PBXProject section */

/* Begin PBXResourcesBuildPhase section */
		BBB8403024FF44B600C0BC73 /* Resources */ = {
			isa = PBXResourcesBuildPhase;
			buildActionMask = 2147483647;
			files = (
				BBB8404224FF44B700C0BC73 /* LaunchScreen.storyboard in Resources */,
				BBB8403F24FF44B700C0BC73 /* Assets.xcassets in Resources */,
				BBB8403D24FF44B600C0BC73 /* Main.storyboard in Resources */,
			);
			runOnlyForDeploymentPostprocessing = 0;
		};
/* End PBXResourcesBuildPhase section */

/* Begin PBXSourcesBuildPhase section */
		BBB8402E24FF44B600C0BC73 /* Sources */ = {
			isa = PBXSourcesBuildPhase;
			buildActionMask = 2147483647;
			files = (
				BBB8403A24FF44B600C0BC73 /* ViewController.swift in Sources */,
				BBB8403624FF44B600C0BC73 /* AppDelegate.swift in Sources */,
				BBB8403824FF44B600C0BC73 /* SceneDelegate.swift in Sources */,
				BBB8404A24FF454900C0BC73 /* DrawingView.swift in Sources */,
			);
			runOnlyForDeploymentPostprocessing = 0;
		};
/* End PBXSourcesBuildPhase section */

/* Begin PBXVariantGroup section */
		BBB8403B24FF44B600C0BC73 /* Main.storyboard */ = {
			isa = PBXVariantGroup;
			children = (
				BBB8403C24FF44B600C0BC73 /* Base */,
			);
			name = Main.storyboard;
			sourceTree = "<group>";
		};
		BBB8404024FF44B700C0BC73 /* LaunchScreen.storyboard */ = {
			isa = PBXVariantGroup;
			children = (
				BBB8404124FF44B700C0BC73 /* Base */,
			);
			name = LaunchScreen.storyboard;
			sourceTree = "<group>";
		};
/* End PBXVariantGroup section */

/* Begin XCBuildConfiguration section */
		BBB8404424FF44B700C0BC73 /* Debug */ = {
			isa = XCBuildConfiguration;
			buildSettings = {
				ALWAYS_SEARCH_USER_PATHS = NO;
				CLANG_ANALYZER_NONNULL = YES;
				CLANG_ANALYZER_NUMBER_OBJECT_CONVERSION = YES_AGGRESSIVE;
				CLANG_CXX_LANGUAGE_STANDARD = "gnu++14";
				CLANG_CXX_LIBRARY = "libc++";
				CLANG_ENABLE_MODULES = YES;
				CLANG_ENABLE_OBJC_ARC = YES;
				CLANG_ENABLE_OBJC_WEAK = YES;
				CLANG_WARN_BLOCK_CAPTURE_AUTORELEASING = YES;
				CLANG_WARN_BOOL_CONVERSION = YES;
				CLANG_WARN_COMMA = YES;
				CLANG_WARN_CONSTANT_CONVERSION = YES;
				CLANG_WARN_DEPRECATED_OBJC_IMPLEMENTATIONS = YES;
				CLANG_WARN_DIRECT_OBJC_ISA_USAGE = YES_ERROR;
				CLANG_WARN_DOCUMENTATION_COMMENTS = YES;
				CLANG_WARN_EMPTY_BODY = YES;
				CLANG_WARN_ENUM_CONVERSION = YES;
				CLANG_WARN_INFINITE_RECURSION = YES;
				CLANG_WARN_INT_CONVERSION = YES;
				CLANG_WARN_NON_LITERAL_NULL_CONVERSION = YES;
				CLANG_WARN_OBJC_IMPLICIT_RETAIN_SELF = YES;
				CLANG_WARN_OBJC_LITERAL_CONVERSION = YES;
				CLANG_WARN_OBJC_ROOT_CLASS = YES_ERROR;
				CLANG_WARN_RANGE_LOOP_ANALYSIS = YES;
				CLANG_WARN_STRICT_PROTOTYPES = YES;
				CLANG_WARN_SUSPICIOUS_MOVE = YES;
				CLANG_WARN_UNGUARDED_AVAILABILITY = YES_AGGRESSIVE;
				CLANG_WARN_UNREACHABLE_CODE = YES;
				CLANG_WARN__DUPLICATE_METHOD_MATCH = YES;
				COPY_PHASE_STRIP = NO;
				DEBUG_INFORMATION_FORMAT = dwarf;
				ENABLE_STRICT_OBJC_MSGSEND = YES;
				ENABLE_TESTABILITY = YES;
				GCC_C_LANGUAGE_STANDARD = gnu11;
				GCC_DYNAMIC_NO_PIC = NO;
				GCC_NO_COMMON_BLOCKS = YES;
				GCC_OPTIMIZATION_LEVEL = 0;
				GCC_PREPROCESSOR_DEFINITIONS = (
					"DEBUG=1",
					"$(inherited)",
				);
				GCC_WARN_64_TO_32_BIT_CONVERSION = YES;
				GCC_WARN_ABOUT_RETURN_TYPE = YES_ERROR;
				GCC_WARN_UNDECLARED_SELECTOR = YES;
				GCC_WARN_UNINITIALIZED_AUTOS = YES_AGGRESSIVE;
				GCC_WARN_UNUSED_FUNCTION = YES;
				GCC_WARN_UNUSED_VARIABLE = YES;
				IPHONEOS_DEPLOYMENT_TARGET = 13.6;
				MTL_ENABLE_DEBUG_INFO = INCLUDE_SOURCE;
				MTL_FAST_MATH = YES;
				ONLY_ACTIVE_ARCH = YES;
				SDKROOT = iphoneos;
				SWIFT_ACTIVE_COMPILATION_CONDITIONS = DEBUG;
				SWIFT_OPTIMIZATION_LEVEL = "-Onone";
			};
			name = Debug;
		};
		BBB8404524FF44B700C0BC73 /* Release */ = {
			isa = XCBuildConfiguration;
			buildSettings = {
				ALWAYS_SEARCH_USER_PATHS = NO;
				CLANG_ANALYZER_NONNULL = YES;
				CLANG_ANALYZER_NUMBER_OBJECT_CONVERSION = YES_AGGRESSIVE;
				CLANG_CXX_LANGUAGE_STANDARD = "gnu++14";
				CLANG_CXX_LIBRARY = "libc++";
				CLANG_ENABLE_MODULES = YES;
				CLANG_ENABLE_OBJC_ARC = YES;
				CLANG_ENABLE_OBJC_WEAK = YES;
				CLANG_WARN_BLOCK_CAPTURE_AUTORELEASING = YES;
				CLANG_WARN_BOOL_CONVERSION = YES;
				CLANG_WARN_COMMA = YES;
				CLANG_WARN_CONSTANT_CONVERSION = YES;
				CLANG_WARN_DEPRECATED_OBJC_IMPLEMENTATIONS = YES;
				CLANG_WARN_DIRECT_OBJC_ISA_USAGE = YES_ERROR;
				CLANG_WARN_DOCUMENTATION_COMMENTS = YES;
				CLANG_WARN_EMPTY_BODY = YES;
				CLANG_WARN_ENUM_CONVERSION = YES;
				CLANG_WARN_INFINITE_RECURSION = YES;
				CLANG_WARN_INT_CONVERSION = YES;
				CLANG_WARN_NON_LITERAL_NULL_CONVERSION = YES;
				CLANG_WARN_OBJC_IMPLICIT_RETAIN_SELF = YES;
				CLANG_WARN_OBJC_LITERAL_CONVERSION = YES;
				CLANG_WARN_OBJC_ROOT_CLASS = YES_ERROR;
				CLANG_WARN_RANGE_LOOP_ANALYSIS = YES;
				CLANG_WARN_STRICT_PROTOTYPES = YES;
				CLANG_WARN_SUSPICIOUS_MOVE = YES;
				CLANG_WARN_UNGUARDED_AVAILABILITY = YES_AGGRESSIVE;
				CLANG_WARN_UNREACHABLE_CODE = YES;
				CLANG_WARN__DUPLICATE_METHOD_MATCH = YES;
				COPY_PHASE_STRIP = NO;
				DEBUG_INFORMATION_FORMAT = "dwarf-with-dsym";
				ENABLE_NS_ASSERTIONS = NO;
				ENABLE_STRICT_OBJC_MSGSEND = YES;
				GCC_C_LANGUAGE_STANDARD = gnu11;
				GCC_NO_COMMON_BLOCKS = YES;
				GCC_WARN_64_TO_32_BIT_CONVERSION = YES;
				GCC_WARN_ABOUT_RETURN_TYPE = YES_ERROR;
				GCC_WARN_UNDECLARED_SELECTOR = YES;
				GCC_WARN_UNINITIALIZED_AUTOS = YES_AGGRESSIVE;
				GCC_WARN_UNUSED_FUNCTION = YES;
				GCC_WARN_UNUSED_VARIABLE = YES;
				IPHONEOS_DEPLOYMENT_TARGET = 13.6;
				MTL_ENABLE_DEBUG_INFO = NO;
				MTL_FAST_MATH = YES;
				SDKROOT = iphoneos;
				SWIFT_COMPILATION_MODE = wholemodule;
				SWIFT_OPTIMIZATION_LEVEL = "-O";
				VALIDATE_PRODUCT = YES;
			};
			name = Release;
		};
		BBB8404724FF44B700C0BC73 /* Debug */ = {
			isa = XCBuildConfiguration;
			buildSettings = {
				ASSETCATALOG_COMPILER_APPICON_NAME = AppIcon;
				CODE_SIGN_STYLE = Automatic;
				INFOPLIST_FILE = CG/Info.plist;
				LD_RUNPATH_SEARCH_PATHS = (
					"$(inherited)",
					"@executable_path/Frameworks",
				);
				PRODUCT_BUNDLE_IDENTIFIER = com.JoeVeverka.CG;
				PRODUCT_NAME = "$(TARGET_NAME)";
				SWIFT_VERSION = 5.0;
				TARGETED_DEVICE_FAMILY = "1,2";
			};
			name = Debug;
		};
		BBB8404824FF44B700C0BC73 /* Release */ = {
			isa = XCBuildConfiguration;
			buildSettings = {
				ASSETCATALOG_COMPILER_APPICON_NAME = AppIcon;
				CODE_SIGN_STYLE = Automatic;
				INFOPLIST_FILE = CG/Info.plist;
				LD_RUNPATH_SEARCH_PATHS = (
					"$(inherited)",
					"@executable_path/Frameworks",
				);
				PRODUCT_BUNDLE_IDENTIFIER = com.JoeVeverka.CG;
				PRODUCT_NAME = "$(TARGET_NAME)";
				SWIFT_VERSION = 5.0;
				TARGETED_DEVICE_FAMILY = "1,2";
			};
			name = Release;
		};
/* End XCBuildConfiguration section */

/* Begin XCConfigurationList section */
		BBB8402D24FF44B600C0BC73 /* Build configuration list for PBXProject "CG" */ = {
			isa = XCConfigurationList;
			buildConfigurations = (
				BBB8404424FF44B700C0BC73 /* Debug */,
				BBB8404524FF44B700C0BC73 /* Release */,
			);
			defaultConfigurationIsVisible = 0;
			defaultConfigurationName = Release;
		};
		BBB8404624FF44B700C0BC73 /* Build configuration list for PBXNativeTarget "CG" */ = {
			isa = XCConfigurationList;
			buildConfigurations = (
				BBB8404724FF44B700C0BC73 /* Debug */,
				BBB8404824FF44B700C0BC73 /* Release */,
			);
			defaultConfigurationIsVisible = 0;
			defaultConfigurationName = Release;
		};
/* End XCConfigurationList section */
	};
	rootObject = BBB8402A24FF44B600C0BC73 /* Project object */;
}
